
Microsoft Visual Studio Solution File, Format Version 12.00
# Visual Studio Version 16
VisualStudioVersion = 16.0.29418.71
MinimumVisualStudioVersion = 10.0.40219.1
Project("{F184B08F-C81C-45F6-A57F-5ABD9991F28F}") = "KSP-MIS", "KSP-MIS\KSP-MIS.vbproj", "{4CF85805-F84F-44B3-8C77-A59BB9BA4B70}"
EndProject
Global
	GlobalSection(SolutionConfigurationPlatforms) = preSolution
		Debug|Any CPU = Debug|Any CPU
		Release|Any CPU = Release|Any CPU
	EndGlobalSection
	GlobalSection(ProjectConfigurationPlatforms) = postSolution
		{4CF85805-F84F-44B3-8C77-A59BB9BA4B70}.Debug|Any CPU.ActiveCfg = Debug|Any CPU
		{4CF85805-F84F-44B3-8C77-A59BB9BA4B70}.Debug|Any CPU.Build.0 = Debug|Any CPU
		{4CF85805-F84F-44B3-8C77-A59BB9BA4B70}.Release|Any CPU.ActiveCfg = Release|Any CPU
		{4CF85805-F84F-44B3-8C77-A59BB9BA4B70}.Release|Any CPU.Build.0 = Release|Any CPU
	EndGlobalSection
	GlobalSection(SolutionProperties) = preSolution
		HideSolutionNode = FALSE
	EndGlobalSection
	GlobalSection(ExtensibilityGlobals) = postSolution
		SolutionGuid = {8F9C03A0-BA70-4EF6-803D-6FCDC4FC49BD}
	EndGlobalSection
EndGlobal
